github.com/knroy/go-xml v1.1.0 h1:c58Dwz0JZ31ziJTqe8J/Vx1BP5bGm1MjYd7pK2p7fLI=
github.com/knroy/go-xml v1.1.0/go.mod h1:cQrEbubC4cOeJ5UyDM+pMgoO2/99ht0LXBw4z5OL4Os=
golang.org/x/text v0.37.0 h1:Cqjiwd9eSg8e0QAkyCaQTNHFIIzWtidPahFWR83rTrc=
golang.org/x/text v0.37.0/go.mod h1:a5sjxXGs9hsn/AJVwuElvCAo9v8QYLzvavO5z2PiM38=
